// !$*UTF8*$!
{
	archiveVersion = 1;
	classes = {
	};
	objectVersion = 55;
	objects = {

/* Begin PBXBuildFile section */
		2037B04D28E6818300ABCD52 /* LearningApp.swift in Sources */ = {isa = PBXBuildFile; fileRef = 2037B04C28E6818300ABCD52 /* LearningApp.swift */; };
		2037B04F28E6818300ABCD52 /* HomeView.swift in Sources */ = {isa = PBXBuildFile; fileRef = 2037B04E28E6818300ABCD52 /* HomeView.swift */; };
		2037B05128E6818500ABCD52 /* Assets.xcassets in Resources */ = {isa = PBXBuildFile; fileRef = 2037B05028E6818500ABCD52 /* Assets.xcassets */; };
		2037B05428E6818500ABCD52 /* Preview Assets.xcassets in Resources */ = {isa = PBXBuildFile; fileRef = 2037B05328E6818500ABCD52 /* Preview Assets.xcassets */; };
		2037B06028E6823500ABCD52 /* ContentModel.swift in Sources */ = {isa = PBXBuildFile; fileRef = 2037B05F28E6823500ABCD52 /* ContentModel.swift */; };
		2037B06328E6A20E00ABCD52 /* style.html in Resources */ = {isa = PBXBuildFile; fileRef = 2037B06128E6A20E00ABCD52 /* style.html */; };
		2037B06428E6A20E00ABCD52 /* data.json in Resources */ = {isa = PBXBuildFile; fileRef = 2037B06228E6A20E00ABCD52 /* data.json */; };
		2037B06728E6A7FB00ABCD52 /* Models.swift in Sources */ = {isa = PBXBuildFile; fileRef = 2037B06628E6A7FB00ABCD52 /* Models.swift */; };
		205407A428E8F6EE00C3529A /* HomeTileView.swift in Sources */ = {isa = PBXBuildFile; fileRef = 205407A328E8F6EE00C3529A /* HomeTileView.swift */; };
		205407A628E932C700C3529A /* ContentView.swift in Sources */ = {isa = PBXBuildFile; fileRef = 205407A528E932C700C3529A /* ContentView.swift */; };
		20C5BB2328EA878700B12D0C /* ContentTileView.swift in Sources */ = {isa = PBXBuildFile; fileRef = 20C5BB2228EA878700B12D0C /* ContentTileView.swift */; };
		20C5BB2528EA890D00B12D0C /* ContentDetailView.swift in Sources */ = {isa = PBXBuildFile; fileRef = 20C5BB2428EA890D00B12D0C /* ContentDetailView.swift */; };
		20C5BB2828EA8EE300B12D0C /* AVKit.framework in Frameworks */ = {isa = PBXBuildFile; fileRef = 20C5BB2728EA8EE300B12D0C /* AVKit.framework */; };
		20C5BB2A28F36B3800B12D0C /* Constants.swift in Sources */ = {isa = PBXBuildFile; fileRef = 20C5BB2928F36B3800B12D0C /* Constants.swift */; };
/* End PBXBuildFile section */

/* Begin PBXFileReference section */
		2037B04928E6818300ABCD52 /* LearningApp.app */ = {isa = PBXFileReference; explicitFileType = wrapper.application; includeInIndex = 0; path = LearningApp.app; sourceTree = BUILT_PRODUCTS_DIR; };
		2037B04C28E6818300ABCD52 /* LearningApp.swift */ = {isa = PBXFileReference; lastKnownFileType = sourcecode.swift; path = LearningApp.swift; sourceTree = "<group>"; };
		2037B04E28E6818300ABCD52 /* HomeView.swift */ = {isa = PBXFileReference; lastKnownFileType = sourcecode.swift; path = HomeView.swift; sourceTree = "<group>"; };
		2037B05028E6818500ABCD52 /* Assets.xcassets */ = {isa = PBXFileReference; lastKnownFileType = folder.assetcatalog; path = Assets.xcassets; sourceTree = "<group>"; };
		2037B05328E6818500ABCD52 /* Preview Assets.xcassets */ = {isa = PBXFileReference; lastKnownFileType = folder.assetcatalog; path = "Preview Assets.xcassets"; sourceTree = "<group>"; };
		2037B05F28E6823500ABCD52 /* ContentModel.swift */ = {isa = PBXFileReference; lastKnownFileType = sourcecode.swift; path = ContentModel.swift; sourceTree = "<group>"; };
		2037B06128E6A20E00ABCD52 /* style.html */ = {isa = PBXFileReference; fileEncoding = 4; lastKnownFileType = text.html; path = style.html; sourceTree = "<group>"; };
		2037B06228E6A20E00ABCD52 /* data.json */ = {isa = PBXFileReference; fileEncoding = 4; lastKnownFileType = text.json; path = data.json; sourceTree = "<group>"; };
		2037B06628E6A7FB00ABCD52 /* Models.swift */ = {isa = PBXFileReference; lastKnownFileType = sourcecode.swift; path = Models.swift; sourceTree = "<group>"; };
		205407A328E8F6EE00C3529A /* HomeTileView.swift */ = {isa = PBXFileReference; lastKnownFileType = sourcecode.swift; path = HomeTileView.swift; sourceTree = "<group>"; };
		205407A528E932C700C3529A /* ContentView.swift */ = {isa = PBXFileReference; lastKnownFileType = sourcecode.swift; path = ContentView.swift; sourceTree = "<group>"; };
		20C5BB2228EA878700B12D0C /* ContentTileView.swift */ = {isa = PBXFileReference; lastKnownFileType = sourcecode.swift; path = ContentTileView.swift; sourceTree = "<group>"; };
		20C5BB2428EA890D00B12D0C /* ContentDetailView.swift */ = {isa = PBXFileReference; lastKnownFileType = sourcecode.swift; path = ContentDetailView.swift; sourceTree = "<group>"; };
		20C5BB2728EA8EE300B12D0C /* AVKit.framework */ = {isa = PBXFileReference; lastKnownFileType = wrapper.framework; name = AVKit.framework; path = System/Library/Frameworks/AVKit.framework; sourceTree = SDKROOT; };
		20C5BB2928F36B3800B12D0C /* Constants.swift */ = {isa = PBXFileReference; lastKnownFileType = sourcecode.swift; path = Constants.swift; sourceTree = "<group>"; };
/* End PBXFileReference section */

/* Begin PBXFrameworksBuildPhase section */
		2037B04628E6818300ABCD52 /* Frameworks */ = {
			isa = PBXFrameworksBuildPhase;
			buildActionMask = 2147483647;
			files = (
				20C5BB2828EA8EE300B12D0C /* AVKit.framework in Frameworks */,
			);
			runOnlyForDeploymentPostprocessing = 0;
		};
/* End PBXFrameworksBuildPhase section */

/* Begin PBXGroup section */
		2037B04028E6818300ABCD52 = {
			isa = PBXGroup;
			children = (
				2037B04C28E6818300ABCD52 /* LearningApp.swift */,
				2037B04B28E6818300ABCD52 /* LearningApp */,
				2037B04A28E6818300ABCD52 /* Products */,
				20C5BB2628EA8EE200B12D0C /* Frameworks */,
			);
			sourceTree = "<group>";
		};
		2037B04A28E6818300ABCD52 /* Products */ = {
			isa = PBXGroup;
			children = (
				2037B04928E6818300ABCD52 /* LearningApp.app */,
			);
			name = Products;
			sourceTree = "<group>";
		};
		2037B04B28E6818300ABCD52 /* LearningApp */ = {
			isa = PBXGroup;
			children = (
				2037B06528E6A21300ABCD52 /* Data */,
				2037B05C28E6821300ABCD52 /* Models */,
				2037B05B28E6820E00ABCD52 /* ViewModels */,
				2037B05A28E6820800ABCD52 /* Views */,
				2037B05028E6818500ABCD52 /* Assets.xcassets */,
				2037B05228E6818500ABCD52 /* Preview Content */,
			);
			path = LearningApp;
			sourceTree = "<group>";
		};
		2037B05228E6818500ABCD52 /* Preview Content */ = {
			isa = PBXGroup;
			children = (
				2037B05328E6818500ABCD52 /* Preview Assets.xcassets */,
			);
			path = "Preview Content";
			sourceTree = "<group>";
		};
		2037B05A28E6820800ABCD52 /* Views */ = {
			isa = PBXGroup;
			children = (
				2037B04E28E6818300ABCD52 /* HomeView.swift */,
				205407A328E8F6EE00C3529A /* HomeTileView.swift */,
				205407A528E932C700C3529A /* ContentView.swift */,
				20C5BB2228EA878700B12D0C /* ContentTileView.swift */,
				20C5BB2428EA890D00B12D0C /* ContentDetailView.swift */,
			);
			path = Views;
			sourceTree = "<group>";
		};
		2037B05B28E6820E00ABCD52 /* ViewModels */ = {
			isa = PBXGroup;
			children = (
				2037B05F28E6823500ABCD52 /* ContentModel.swift */,
			);
			path = ViewModels;
			sourceTree = "<group>";
		};
		2037B05C28E6821300ABCD52 /* Models */ = {
			isa = PBXGroup;
			children = (
				2037B06628E6A7FB00ABCD52 /* Models.swift */,
			);
			path = Models;
			sourceTree = "<group>";
		};
		2037B06528E6A21300ABCD52 /* Data */ = {
			isa = PBXGroup;
			children = (
				2037B06228E6A20E00ABCD52 /* data.json */,
				2037B06128E6A20E00ABCD52 /* style.html */,
				20C5BB2928F36B3800B12D0C /* Constants.swift */,
			);
			path = Data;
			sourceTree = "<group>";
		};
		20C5BB2628EA8EE200B12D0C /* Frameworks */ = {
			isa = PBXGroup;
			children = (
				20C5BB2728EA8EE300B12D0C /* AVKit.framework */,
			);
			name = Frameworks;
			sourceTree = "<group>";
		};
/* End PBXGroup section */

/* Begin PBXNativeTarget section */
		2037B04828E6818300ABCD52 /* LearningApp */ = {
			isa = PBXNativeTarget;
			buildConfigurationList = 2037B05728E6818500ABCD52 /* Build configuration list for PBXNativeTarget "LearningApp" */;
			buildPhases = (
				2037B04528E6818300ABCD52 /* Sources */,
				2037B04628E6818300ABCD52 /* Frameworks */,
				2037B04728E6818300ABCD52 /* Resources */,
			);
			buildRules = (
			);
			dependencies = (
			);
			name = LearningApp;
			productName = LearningApp;
			productReference = 2037B04928E6818300ABCD52 /* LearningApp.app */;
			productType = "com.apple.product-type.application";
		};
/* End PBXNativeTarget section */

/* Begin PBXProject section */
		2037B04128E6818300ABCD52 /* Project object */ = {
			isa = PBXProject;
			attributes = {
				BuildIndependentTargetsInParallel = 1;
				LastSwiftUpdateCheck = 1340;
				LastUpgradeCheck = 1340;
				TargetAttributes = {
					2037B04828E6818300ABCD52 = {
						CreatedOnToolsVersion = 13.4.1;
					};
				};
			};
			buildConfigurationList = 2037B04428E6818300ABCD52 /* Build configuration list for PBXProject "LearningApp" */;
			compatibilityVersion = "Xcode 13.0";
			developmentRegion = en;
			hasScannedForEncodings = 0;
			knownRegions = (
				en,
				Base,
			);
			mainGroup = 2037B04028E6818300ABCD52;
			productRefGroup = 2037B04A28E6818300ABCD52 /* Products */;
			projectDirPath = "";
			projectRoot = "";
			targets = (
				2037B04828E6818300ABCD52 /* LearningApp */,
			);
		};
/* End PBXProject section */

/* Begin PBXResourcesBuildPhase section */
		2037B04728E6818300ABCD52 /* Resources */ = {
			isa = PBXResourcesBuildPhase;
			buildActionMask = 2147483647;
			files = (
				2037B06328E6A20E00ABCD52 /* style.html in Resources */,
				2037B05428E6818500ABCD52 /* Preview Assets.xcassets in Resources */,
				2037B05128E6818500ABCD52 /* Assets.xcassets in Resources */,
				2037B06428E6A20E00ABCD52 /* data.json in Resources */,
			);
			runOnlyForDeploymentPostprocessing = 0;
		};
/* End PBXResourcesBuildPhase section */

/* Begin PBXSourcesBuildPhase section */
		2037B04528E6818300ABCD52 /* Sources */ = {
			isa = PBXSourcesBuildPhase;
			buildActionMask = 2147483647;
			files = (
				20C5BB2328EA878700B12D0C /* ContentTileView.swift in Sources */,
				2037B04F28E6818300ABCD52 /* HomeView.swift in Sources */,
				2037B04D28E6818300ABCD52 /* LearningApp.swift in Sources */,
				20C5BB2528EA890D00B12D0C /* ContentDetailView.swift in Sources */,
				205407A628E932C700C3529A /* ContentView.swift in Sources */,
				2037B06028E6823500ABCD52 /* ContentModel.swift in Sources */,
				205407A428E8F6EE00C3529A /* HomeTileView.swift in Sources */,
				2037B06728E6A7FB00ABCD52 /* Models.swift in Sources */,
				20C5BB2A28F36B3800B12D0C /* Constants.swift in Sources */,
			);
			runOnlyForDeploymentPostprocessing = 0;
		};
/* End PBXSourcesBuildPhase section */

/* Begin XCBuildConfiguration section */
		2037B05528E6818500ABCD52 /* Debug */ = {
			isa = XCBuildConfiguration;
			buildSettings = {
				ALWAYS_SEARCH_USER_PATHS = NO;
				CLANG_ANALYZER_NONNULL = YES;
				CLANG_ANALYZER_NUMBER_OBJECT_CONVERSION = YES_AGGRESSIVE;
				CLANG_CXX_LANGUAGE_STANDARD = "gnu++17";
				CLANG_ENABLE_MODULES = YES;
				CLANG_ENABLE_OBJC_ARC = YES;
				CLANG_ENABLE_OBJC_WEAK = YES;
				CLANG_WARN_BLOCK_CAPTURE_AUTORELEASING = YES;
				CLANG_WARN_BOOL_CONVERSION = YES;
				CLANG_WARN_COMMA = YES;
				CLANG_WARN_CONSTANT_CONVERSION = YES;
				CLANG_WARN_DEPRECATED_OBJC_IMPLEMENTATIONS = YES;
				CLANG_WARN_DIRECT_OBJC_ISA_USAGE = YES_ERROR;
				CLANG_WARN_DOCUMENTATION_COMMENTS = YES;
				CLANG_WARN_EMPTY_BODY = YES;
				CLANG_WARN_ENUM_CONVERSION = YES;
				CLANG_WARN_INFINITE_RECURSION = YES;
				CLANG_WARN_INT_CONVERSION = YES;
				CLANG_WARN_NON_LITERAL_NULL_CONVERSION = YES;
				CLANG_WARN_OBJC_IMPLICIT_RETAIN_SELF = YES;
				CLANG_WARN_OBJC_LITERAL_CONVERSION = YES;
				CLANG_WARN_OBJC_ROOT_CLASS = YES_ERROR;
				CLANG_WARN_QUOTED_INCLUDE_IN_FRAMEWORK_HEADER = YES;
				CLANG_WARN_RANGE_LOOP_ANALYSIS = YES;
				CLANG_WARN_STRICT_PROTOTYPES = YES;
				CLANG_WARN_SUSPICIOUS_MOVE = YES;
				CLANG_WARN_UNGUARDED_AVAILABILITY = YES_AGGRESSIVE;
				CLANG_WARN_UNREACHABLE_CODE = YES;
				CLANG_WARN__DUPLICATE_METHOD_MATCH = YES;
				COPY_PHASE_STRIP = NO;
				DEBUG_INFORMATION_FORMAT = dwarf;
				ENABLE_STRICT_OBJC_MSGSEND = YES;
				ENABLE_TESTABILITY = YES;
				GCC_C_LANGUAGE_STANDARD = gnu11;
				GCC_DYNAMIC_NO_PIC = NO;
				GCC_NO_COMMON_BLOCKS = YES;
				GCC_OPTIMIZATION_LEVEL = 0;
				GCC_PREPROCESSOR_DEFINITIONS = (
					"DEBUG=1",
					"$(inherited)",
				);
				GCC_WARN_64_TO_32_BIT_CONVERSION = YES;
				GCC_WARN_ABOUT_RETURN_TYPE = YES_ERROR;
				GCC_WARN_UNDECLARED_SELECTOR = YES;
				GCC_WARN_UNINITIALIZED_AUTOS = YES_AGGRESSIVE;
				GCC_WARN_UNUSED_FUNCTION = YES;
				GCC_WARN_UNUSED_VARIABLE = YES;
				IPHONEOS_DEPLOYMENT_TARGET = 15.5;
				MTL_ENABLE_DEBUG_INFO = INCLUDE_SOURCE;
				MTL_FAST_MATH = YES;
				ONLY_ACTIVE_ARCH = YES;
				SDKROOT = iphoneos;
				SWIFT_ACTIVE_COMPILATION_CONDITIONS = DEBUG;
				SWIFT_OPTIMIZATION_LEVEL = "-Onone";
			};
			name = Debug;
		};
		2037B05628E6818500ABCD52 /* Release */ = {
			isa = XCBuildConfiguration;
			buildSettings = {
				ALWAYS_SEARCH_USER_PATHS = NO;
				CLANG_ANALYZER_NONNULL = YES;
				CLANG_ANALYZER_NUMBER_OBJECT_CONVERSION = YES_AGGRESSIVE;
				CLANG_CXX_LANGUAGE_STANDARD = "gnu++17";
				CLANG_ENABLE_MODULES = YES;
				CLANG_ENABLE_OBJC_ARC = YES;
				CLANG_ENABLE_OBJC_WEAK = YES;
				CLANG_WARN_BLOCK_CAPTURE_AUTORELEASING = YES;
				CLANG_WARN_BOOL_CONVERSION = YES;
				CLANG_WARN_COMMA = YES;
				CLANG_WARN_CONSTANT_CONVERSION = YES;
				CLANG_WARN_DEPRECATED_OBJC_IMPLEMENTATIONS = YES;
				CLANG_WARN_DIRECT_OBJC_ISA_USAGE = YES_ERROR;
				CLANG_WARN_DOCUMENTATION_COMMENTS = YES;
				CLANG_WARN_EMPTY_BODY = YES;
				CLANG_WARN_ENUM_CONVERSION = YES;
				CLANG_WARN_INFINITE_RECURSION = YES;
				CLANG_WARN_INT_CONVERSION = YES;
				CLANG_WARN_NON_LITERAL_NULL_CONVERSION = YES;
				CLANG_WARN_OBJC_IMPLICIT_RETAIN_SELF = YES;
				CLANG_WARN_OBJC_LITERAL_CONVERSION = YES;
				CLANG_WARN_OBJC_ROOT_CLASS = YES_ERROR;
				CLANG_WARN_QUOTED_INCLUDE_IN_FRAMEWORK_HEADER = YES;
				CLANG_WARN_RANGE_LOOP_ANALYSIS = YES;
				CLANG_WARN_STRICT_PROTOTYPES = YES;
				CLANG_WARN_SUSPICIOUS_MOVE = YES;
				CLANG_WARN_UNGUARDED_AVAILABILITY = YES_AGGRESSIVE;
				CLANG_WARN_UNREACHABLE_CODE = YES;
				CLANG_WARN__DUPLICATE_METHOD_MATCH = YES;
				COPY_PHASE_STRIP = NO;
				DEBUG_INFORMATION_FORMAT = "dwarf-with-dsym";
				ENABLE_NS_ASSERTIONS = NO;
				ENABLE_STRICT_OBJC_MSGSEND = YES;
				GCC_C_LANGUAGE_STANDARD = gnu11;
				GCC_NO_COMMON_BLOCKS = YES;
				GCC_WARN_64_TO_32_BIT_CONVERSION = YES;
				GCC_WARN_ABOUT_RETURN_TYPE = YES_ERROR;
				GCC_WARN_UNDECLARED_SELECTOR = YES;
				GCC_WARN_UNINITIALIZED_AUTOS = YES_AGGRESSIVE;
				GCC_WARN_UNUSED_FUNCTION = YES;
				GCC_WARN_UNUSED_VARIABLE = YES;
				IPHONEOS_DEPLOYMENT_TARGET = 15.5;
				MTL_ENABLE_DEBUG_INFO = NO;
				MTL_FAST_MATH = YES;
				SDKROOT = iphoneos;
				SWIFT_COMPILATION_MODE = wholemodule;
				SWIFT_OPTIMIZATION_LEVEL = "-O";
				VALIDATE_PRODUCT = YES;
			};
			name = Release;
		};
		2037B05828E6818500ABCD52 /* Debug */ = {
			isa = XCBuildConfiguration;
			buildSettings = {
				ASSETCATALOG_COMPILER_APPICON_NAME = AppIcon;
				ASSETCATALOG_COMPILER_GLOBAL_ACCENT_COLOR_NAME = AccentColor;
				CODE_SIGN_STYLE = Automatic;
				CURRENT_PROJECT_VERSION = 1;
				DEVELOPMENT_ASSET_PATHS = "\"LearningApp/Preview Content\"";
				DEVELOPMENT_TEAM = 24H35SR489;
				ENABLE_PREVIEWS = YES;
				GENERATE_INFOPLIST_FILE = YES;
				INFOPLIST_KEY_UIApplicationSceneManifest_Generation = YES;
				INFOPLIST_KEY_UIApplicationSupportsIndirectInputEvents = YES;
				INFOPLIST_KEY_UILaunchScreen_Generation = YES;
				INFOPLIST_KEY_UISupportedInterfaceOrientations_iPad = "UIInterfaceOrientationPortrait UIInterfaceOrientationPortraitUpsideDown UIInterfaceOrientationLandscapeLeft UIInterfaceOrientationLandscapeRight";
				INFOPLIST_KEY_UISupportedInterfaceOrientations_iPhone = "UIInterfaceOrientationPortrait UIInterfaceOrientationLandscapeLeft UIInterfaceOrientationLandscapeRight";
				LD_RUNPATH_SEARCH_PATHS = (
					"$(inherited)",
					"@executable_path/Frameworks",
				);
				MARKETING_VERSION = 1.0;
				PRODUCT_BUNDLE_IDENTIFIER = com.stephdesigns.LearningApp;
				PRODUCT_NAME = "$(TARGET_NAME)";
				SWIFT_EMIT_LOC_STRINGS = YES;
				SWIFT_VERSION = 5.0;
				TARGETED_DEVICE_FAMILY = "1,2";
			};
			name = Debug;
		};
		2037B05928E6818500ABCD52 /* Release */ = {
			isa = XCBuildConfiguration;
			buildSettings = {
				ASSETCATALOG_COMPILER_APPICON_NAME = AppIcon;
				ASSETCATALOG_COMPILER_GLOBAL_ACCENT_COLOR_NAME = AccentColor;
				CODE_SIGN_STYLE = Automatic;
				CURRENT_PROJECT_VERSION = 1;
				DEVELOPMENT_ASSET_PATHS = "\"LearningApp/Preview Content\"";
				DEVELOPMENT_TEAM = 24H35SR489;
				ENABLE_PREVIEWS = YES;
				GENERATE_INFOPLIST_FILE = YES;
				INFOPLIST_KEY_UIApplicationSceneManifest_Generation = YES;
				INFOPLIST_KEY_UIApplicationSupportsIndirectInputEvents = YES;
				INFOPLIST_KEY_UILaunchScreen_Generation = YES;
				INFOPLIST_KEY_UISupportedInterfaceOrientations_iPad = "UIInterfaceOrientationPortrait UIInterfaceOrientationPortraitUpsideDown UIInterfaceOrientationLandscapeLeft UIInterfaceOrientationLandscapeRight";
				INFOPLIST_KEY_UISupportedInterfaceOrientations_iPhone = "UIInterfaceOrientationPortrait UIInterfaceOrientationLandscapeLeft UIInterfaceOrientationLandscapeRight";
				LD_RUNPATH_SEARCH_PATHS = (
					"$(inherited)",
					"@executable_path/Frameworks",
				);
				MARKETING_VERSION = 1.0;
				PRODUCT_BUNDLE_IDENTIFIER = com.stephdesigns.LearningApp;
				PRODUCT_NAME = "$(TARGET_NAME)";
				SWIFT_EMIT_LOC_STRINGS = YES;
				SWIFT_VERSION = 5.0;
				TARGETED_DEVICE_FAMILY = "1,2";
			};
			name = Release;
		};
/* End XCBuildConfiguration section */

/* Begin XCConfigurationList section */
		2037B04428E6818300ABCD52 /* Build configuration list for PBXProject "LearningApp" */ = {
			isa = XCConfigurationList;
			buildConfigurations = (
				2037B05528E6818500ABCD52 /* Debug */,
				2037B05628E6818500ABCD52 /* Release */,
			);
			defaultConfigurationIsVisible = 0;
			defaultConfigurationName = Release;
		};
		2037B05728E6818500ABCD52 /* Build configuration list for PBXNativeTarget "LearningApp" */ = {
			isa = XCConfigurationList;
			buildConfigurations = (
				2037B05828E6818500ABCD52 /* Debug */,
				2037B05928E6818500ABCD52 /* Release */,
			);
			defaultConfigurationIsVisible = 0;
			defaultConfigurationName = Release;
		};
/* End XCConfigurationList section */
	};
	rootObject = 2037B04128E6818300ABCD52 /* Project object */;
}
